
Microsoft Visual Studio Solution File, Format Version 12.00
# Visual Studio Version 17
VisualStudioVersion = 17.12.35521.163
MinimumVisualStudioVersion = 10.0.40219.1
Project("{FAE04EC0-301F-11D3-BF4B-00C04F79EFBC}") = "WpfApp2", "WpfApp2\WpfApp2.csproj", "{A6FB7F95-C2CC-4247-89DB-DA86778AE5B6}"
	ProjectSection(ProjectDependencies) = postProject
		{2CA20169-64D9-433E-92F8-F01CD551915E} = {2CA20169-64D9-433E-92F8-F01CD551915E}
	EndProjectSection
EndProject
Project("{FAE04EC0-301F-11D3-BF4B-00C04F79EFBC}") = "UserControlLibrary", "UserControlLibrary\UserControlLibrary.csproj", "{2CA20169-64D9-433E-92F8-F01CD551915E}"
EndProject
Global
	GlobalSection(SolutionConfigurationPlatforms) = preSolution
		Debug|Any CPU = Debug|Any CPU
		Release|Any CPU = Release|Any CPU
	EndGlobalSection
	GlobalSection(ProjectConfigurationPlatforms) = postSolution
		{A6FB7F95-C2CC-4247-89DB-DA86778AE5B6}.Debug|Any CPU.ActiveCfg = Debug|Any CPU
		{A6FB7F95-C2CC-4247-89DB-DA86778AE5B6}.Debug|Any CPU.Build.0 = Debug|Any CPU
		{A6FB7F95-C2CC-4247-89DB-DA86778AE5B6}.Release|Any CPU.ActiveCfg = Release|Any CPU
		{A6FB7F95-C2CC-4247-89DB-DA86778AE5B6}.Release|Any CPU.Build.0 = Release|Any CPU
		{2CA20169-64D9-433E-92F8-F01CD551915E}.Debug|Any CPU.ActiveCfg = Debug|Any CPU
		{2CA20169-64D9-433E-92F8-F01CD551915E}.Debug|Any CPU.Build.0 = Debug|Any CPU
		{2CA20169-64D9-433E-92F8-F01CD551915E}.Release|Any CPU.ActiveCfg = Release|Any CPU
		{2CA20169-64D9-433E-92F8-F01CD551915E}.Release|Any CPU.Build.0 = Release|Any CPU
	EndGlobalSection
	GlobalSection(SolutionProperties) = preSolution
		HideSolutionNode = FALSE
	EndGlobalSection
EndGlobal
